
Microsoft Visual Studio Solution File, Format Version 12.00
# Visual Studio Version 16
VisualStudioVersion = 16.0.29519.87
MinimumVisualStudioVersion = 10.0.40219.1
Project("{FAE04EC0-301F-11D3-BF4B-00C04F79EFBC}") = "SortAlgorithms", "SortAlgorithms\SortAlgorithms.csproj", "{5272497E-57B1-42F1-AA4D-18D30D0517A0}"
EndProject
Project("{FAE04EC0-301F-11D3-BF4B-00C04F79EFBC}") = "AlgorithmTest", "AlgorithmTest\AlgorithmTest.csproj", "{3F23B4F7-9FDB-4938-922C-934468CB7F6F}"
EndProject
Project("{9A19103F-16F7-4668-BE54-9A1E7A4F7556}") = "Algorithms", "Algorithms\Algorithms.csproj", "{685AE81B-2905-4C54-932C-B21AE96B1622}"
EndProject
Global
	GlobalSection(SolutionConfigurationPlatforms) = preSolution
		Debug|Any CPU = Debug|Any CPU
		Release|Any CPU = Release|Any CPU
	EndGlobalSection
	GlobalSection(ProjectConfigurationPlatforms) = postSolution
		{5272497E-57B1-42F1-AA4D-18D30D0517A0}.Debug|Any CPU.ActiveCfg = Debug|Any CPU
		{5272497E-57B1-42F1-AA4D-18D30D0517A0}.Debug|Any CPU.Build.0 = Debug|Any CPU
		{5272497E-57B1-42F1-AA4D-18D30D0517A0}.Release|Any CPU.ActiveCfg = Release|Any CPU
		{5272497E-57B1-42F1-AA4D-18D30D0517A0}.Release|Any CPU.Build.0 = Release|Any CPU
		{3F23B4F7-9FDB-4938-922C-934468CB7F6F}.Debug|Any CPU.ActiveCfg = Debug|Any CPU
		{3F23B4F7-9FDB-4938-922C-934468CB7F6F}.Debug|Any CPU.Build.0 = Debug|Any CPU
		{3F23B4F7-9FDB-4938-922C-934468CB7F6F}.Release|Any CPU.ActiveCfg = Release|Any CPU
		{3F23B4F7-9FDB-4938-922C-934468CB7F6F}.Release|Any CPU.Build.0 = Release|Any CPU
		{685AE81B-2905-4C54-932C-B21AE96B1622}.Debug|Any CPU.ActiveCfg = Debug|Any CPU
		{685AE81B-2905-4C54-932C-B21AE96B1622}.Debug|Any CPU.Build.0 = Debug|Any CPU
		{685AE81B-2905-4C54-932C-B21AE96B1622}.Release|Any CPU.ActiveCfg = Release|Any CPU
		{685AE81B-2905-4C54-932C-B21AE96B1622}.Release|Any CPU.Build.0 = Release|Any CPU
	EndGlobalSection
	GlobalSection(SolutionProperties) = preSolution
		HideSolutionNode = FALSE
	EndGlobalSection
	GlobalSection(ExtensibilityGlobals) = postSolution
		SolutionGuid = {129F3624-3865-4DC0-9358-9B257DF12BCC}
	EndGlobalSection
EndGlobal
